
Microsoft Visual Studio Solution File, Format Version 12.00
# Visual Studio Version 17
VisualStudioVersion = 17.6.33815.320
MinimumVisualStudioVersion = 10.0.40219.1
Project("{FAE04EC0-301F-11D3-BF4B-00C04F79EFBC}") = "AdivinheONumero", "AdivinheONumero\AdivinheONumero.csproj", "{F84D81A8-96A1-4ADF-998A-F7432FCE519A}"
EndProject
Global
	GlobalSection(SolutionConfigurationPlatforms) = preSolution
		Debug|Any CPU = Debug|Any CPU
		Release|Any CPU = Release|Any CPU
	EndGlobalSection
	GlobalSection(ProjectConfigurationPlatforms) = postSolution
		{F84D81A8-96A1-4ADF-998A-F7432FCE519A}.Debug|Any CPU.ActiveCfg = Debug|Any CPU
		{F84D81A8-96A1-4ADF-998A-F7432FCE519A}.Debug|Any CPU.Build.0 = Debug|Any CPU
		{F84D81A8-96A1-4ADF-998A-F7432FCE519A}.Release|Any CPU.ActiveCfg = Release|Any CPU
		{F84D81A8-96A1-4ADF-998A-F7432FCE519A}.Release|Any CPU.Build.0 = Release|Any CPU
	EndGlobalSection
	GlobalSection(SolutionProperties) = preSolution
		HideSolutionNode = FALSE
	EndGlobalSection
	GlobalSection(ExtensibilityGlobals) = postSolution
		SolutionGuid = {09246C6D-5861-4AFD-8D18-71D3060B3635}
	EndGlobalSection
EndGlobal
